
Microsoft Visual Studio Solution File, Format Version 12.00
# Visual Studio Version 17
VisualStudioVersion = 17.0.31903.59
MinimumVisualStudioVersion = 10.0.40219.1
Project("{2150E333-8FDC-42A3-9474-1A3956D46DE8}") = "src", "src", "{FBFC9E17-B858-4F85-A5EF-C2AE3C56544E}"
EndProject
Project("{FAE04EC0-301F-11D3-BF4B-00C04F79EFBC}") = "Singleton", "src\Singleton\Singleton.csproj", "{ECEA200A-C7B2-401E-838F-6236629E83E7}"
EndProject
Project("{FAE04EC0-301F-11D3-BF4B-00C04F79EFBC}") = "Factory", "src\Factory\Factory.csproj", "{12BACFAF-2E06-436A-9656-DEB6AD1845A0}"
EndProject
Project("{FAE04EC0-301F-11D3-BF4B-00C04F79EFBC}") = "AbstractFactory", "src\AbstractFactory\AbstractFactory.csproj", "{D1C980B7-8EB0-4535-B9F9-50B8CB43EE90}"
EndProject
Project("{FAE04EC0-301F-11D3-BF4B-00C04F79EFBC}") = "Builder", "src\Builder\Builder.csproj", "{E030C5F3-B812-4F95-8866-8B72C7201896}"
EndProject
Project("{FAE04EC0-301F-11D3-BF4B-00C04F79EFBC}") = "Prototype", "src\Prototype\Prototype.csproj", "{40B3093F-5B10-4F4D-BF83-8B5E14ADBE39}"
EndProject
Project("{FAE04EC0-301F-11D3-BF4B-00C04F79EFBC}") = "Adapter", "src\Adapter\Adapter.csproj", "{0B476CC4-0A23-4439-A20F-DBBFEC5F3B96}"
EndProject
Project("{FAE04EC0-301F-11D3-BF4B-00C04F79EFBC}") = "Bridge", "src\Bridge\Bridge.csproj", "{163D5D62-2EC2-4E1E-B617-F74AC5E19D58}"
EndProject
Project("{FAE04EC0-301F-11D3-BF4B-00C04F79EFBC}") = "Decorator", "src\Decorator\Decorator.csproj", "{2BED69B5-087E-4EA2-9C14-F326D80E1025}"
EndProject
Project("{FAE04EC0-301F-11D3-BF4B-00C04F79EFBC}") = "Composite", "src\Composite\Composite.csproj", "{92FCA5DD-55BB-4F74-90D0-5D7047BFA94B}"
EndProject
Project("{FAE04EC0-301F-11D3-BF4B-00C04F79EFBC}") = "Facade", "src\Facade\Facade.csproj", "{D29622CC-774D-4D4F-9451-80B0A44560F1}"
EndProject
Project("{FAE04EC0-301F-11D3-BF4B-00C04F79EFBC}") = "Proxy", "src\Proxy\Proxy.csproj", "{32713BAE-7828-4CC9-A53E-A0B946BA580A}"
EndProject
Project("{FAE04EC0-301F-11D3-BF4B-00C04F79EFBC}") = "Flyweight", "src\Flyweight\Flyweight.csproj", "{BCF0FF0F-B207-49A2-B13A-086CAE01E1F8}"
EndProject
Project("{FAE04EC0-301F-11D3-BF4B-00C04F79EFBC}") = "TemplateMethod", "src\TemplateMethod\TemplateMethod.csproj", "{3274301A-7A70-411E-B186-8A1721692F0C}"
EndProject
Project("{FAE04EC0-301F-11D3-BF4B-00C04F79EFBC}") = "Strategy", "src\Strategy\Strategy.csproj", "{A81D46FE-1F94-42E8-B47F-E09B84534238}"
EndProject
Project("{FAE04EC0-301F-11D3-BF4B-00C04F79EFBC}") = "Command", "src\Command\Command.csproj", "{EEEAF7C7-6B04-4504-8D24-1E53C41FAFCD}"
EndProject
Project("{FAE04EC0-301F-11D3-BF4B-00C04F79EFBC}") = "Memento", "src\Memento\Memento.csproj", "{1ABE8AD6-C2E4-43CA-8ED3-D580BB55C16B}"
EndProject
Project("{2150E333-8FDC-42A3-9474-1A3956D46DE8}") = "other", "other", "{6A7D1627-62AA-4B6A-9C2F-4DF21A1D2649}"
EndProject
Project("{FAE04EC0-301F-11D3-BF4B-00C04F79EFBC}") = "UseStack", "src\other\UseStack\UseStack.csproj", "{00EAB299-C85E-446B-B23D-8FF9074D2C8A}"
EndProject
Project("{FAE04EC0-301F-11D3-BF4B-00C04F79EFBC}") = "Mediator", "src\Mediator\Mediator.csproj", "{A2A9DD42-39CB-4038-AC53-78689F57CE6A}"
EndProject
Project("{FAE04EC0-301F-11D3-BF4B-00C04F79EFBC}") = "ChainOfResponsability", "src\ChainOfResponsability\ChainOfResponsability.csproj", "{92C822C5-4B96-472D-9ED0-8EE3485525FB}"
EndProject
Project("{FAE04EC0-301F-11D3-BF4B-00C04F79EFBC}") = "Observer", "src\Observer\Observer.csproj", "{C2E61C43-C149-4B39-8EAD-EADFCE96E81D}"
EndProject
Global
	GlobalSection(SolutionConfigurationPlatforms) = preSolution
		Debug|Any CPU = Debug|Any CPU
		Debug|x64 = Debug|x64
		Debug|x86 = Debug|x86
		Release|Any CPU = Release|Any CPU
		Release|x64 = Release|x64
		Release|x86 = Release|x86
	EndGlobalSection
	GlobalSection(ProjectConfigurationPlatforms) = postSolution
		{ECEA200A-C7B2-401E-838F-6236629E83E7}.Debug|Any CPU.ActiveCfg = Debug|Any CPU
		{ECEA200A-C7B2-401E-838F-6236629E83E7}.Debug|Any CPU.Build.0 = Debug|Any CPU
		{ECEA200A-C7B2-401E-838F-6236629E83E7}.Debug|x64.ActiveCfg = Debug|Any CPU
		{ECEA200A-C7B2-401E-838F-6236629E83E7}.Debug|x64.Build.0 = Debug|Any CPU
		{ECEA200A-C7B2-401E-838F-6236629E83E7}.Debug|x86.ActiveCfg = Debug|Any CPU
		{ECEA200A-C7B2-401E-838F-6236629E83E7}.Debug|x86.Build.0 = Debug|Any CPU
		{ECEA200A-C7B2-401E-838F-6236629E83E7}.Release|Any CPU.ActiveCfg = Release|Any CPU
		{ECEA200A-C7B2-401E-838F-6236629E83E7}.Release|Any CPU.Build.0 = Release|Any CPU
		{ECEA200A-C7B2-401E-838F-6236629E83E7}.Release|x64.ActiveCfg = Release|Any CPU
		{ECEA200A-C7B2-401E-838F-6236629E83E7}.Release|x64.Build.0 = Release|Any CPU
		{ECEA200A-C7B2-401E-838F-6236629E83E7}.Release|x86.ActiveCfg = Release|Any CPU
		{ECEA200A-C7B2-401E-838F-6236629E83E7}.Release|x86.Build.0 = Release|Any CPU
		{12BACFAF-2E06-436A-9656-DEB6AD1845A0}.Debug|Any CPU.ActiveCfg = Debug|Any CPU
		{12BACFAF-2E06-436A-9656-DEB6AD1845A0}.Debug|Any CPU.Build.0 = Debug|Any CPU
		{12BACFAF-2E06-436A-9656-DEB6AD1845A0}.Debug|x64.ActiveCfg = Debug|Any CPU
		{12BACFAF-2E06-436A-9656-DEB6AD1845A0}.Debug|x64.Build.0 = Debug|Any CPU
		{12BACFAF-2E06-436A-9656-DEB6AD1845A0}.Debug|x86.ActiveCfg = Debug|Any CPU
		{12BACFAF-2E06-436A-9656-DEB6AD1845A0}.Debug|x86.Build.0 = Debug|Any CPU
		{12BACFAF-2E06-436A-9656-DEB6AD1845A0}.Release|Any CPU.ActiveCfg = Release|Any CPU
		{12BACFAF-2E06-436A-9656-DEB6AD1845A0}.Release|Any CPU.Build.0 = Release|Any CPU
		{12BACFAF-2E06-436A-9656-DEB6AD1845A0}.Release|x64.ActiveCfg = Release|Any CPU
		{12BACFAF-2E06-436A-9656-DEB6AD1845A0}.Release|x64.Build.0 = Release|Any CPU
		{12BACFAF-2E06-436A-9656-DEB6AD1845A0}.Release|x86.ActiveCfg = Release|Any CPU
		{12BACFAF-2E06-436A-9656-DEB6AD1845A0}.Release|x86.Build.0 = Release|Any CPU
		{D1C980B7-8EB0-4535-B9F9-50B8CB43EE90}.Debug|Any CPU.ActiveCfg = Debug|Any CPU
		{D1C980B7-8EB0-4535-B9F9-50B8CB43EE90}.Debug|Any CPU.Build.0 = Debug|Any CPU
		{D1C980B7-8EB0-4535-B9F9-50B8CB43EE90}.Debug|x64.ActiveCfg = Debug|Any CPU
		{D1C980B7-8EB0-4535-B9F9-50B8CB43EE90}.Debug|x64.Build.0 = Debug|Any CPU
		{D1C980B7-8EB0-4535-B9F9-50B8CB43EE90}.Debug|x86.ActiveCfg = Debug|Any CPU
		{D1C980B7-8EB0-4535-B9F9-50B8CB43EE90}.Debug|x86.Build.0 = Debug|Any CPU
		{D1C980B7-8EB0-4535-B9F9-50B8CB43EE90}.Release|Any CPU.ActiveCfg = Release|Any CPU
		{D1C980B7-8EB0-4535-B9F9-50B8CB43EE90}.Release|Any CPU.Build.0 = Release|Any CPU
		{D1C980B7-8EB0-4535-B9F9-50B8CB43EE90}.Release|x64.ActiveCfg = Release|Any CPU
		{D1C980B7-8EB0-4535-B9F9-50B8CB43EE90}.Release|x64.Build.0 = Release|Any CPU
		{D1C980B7-8EB0-4535-B9F9-50B8CB43EE90}.Release|x86.ActiveCfg = Release|Any CPU
		{D1C980B7-8EB0-4535-B9F9-50B8CB43EE90}.Release|x86.Build.0 = Release|Any CPU
		{E030C5F3-B812-4F95-8866-8B72C7201896}.Debug|Any CPU.ActiveCfg = Debug|Any CPU
		{E030C5F3-B812-4F95-8866-8B72C7201896}.Debug|Any CPU.Build.0 = Debug|Any CPU
		{E030C5F3-B812-4F95-8866-8B72C7201896}.Debug|x64.ActiveCfg = Debug|Any CPU
		{E030C5F3-B812-4F95-8866-8B72C7201896}.Debug|x64.Build.0 = Debug|Any CPU
		{E030C5F3-B812-4F95-8866-8B72C7201896}.Debug|x86.ActiveCfg = Debug|Any CPU
		{E030C5F3-B812-4F95-8866-8B72C7201896}.Debug|x86.Build.0 = Debug|Any CPU
		{E030C5F3-B812-4F95-8866-8B72C7201896}.Release|Any CPU.ActiveCfg = Release|Any CPU
		{E030C5F3-B812-4F95-8866-8B72C7201896}.Release|Any CPU.Build.0 = Release|Any CPU
		{E030C5F3-B812-4F95-8866-8B72C7201896}.Release|x64.ActiveCfg = Release|Any CPU
		{E030C5F3-B812-4F95-8866-8B72C7201896}.Release|x64.Build.0 = Release|Any CPU
		{E030C5F3-B812-4F95-8866-8B72C7201896}.Release|x86.ActiveCfg = Release|Any CPU
		{E030C5F3-B812-4F95-8866-8B72C7201896}.Release|x86.Build.0 = Release|Any CPU
		{40B3093F-5B10-4F4D-BF83-8B5E14ADBE39}.Debug|Any CPU.ActiveCfg = Debug|Any CPU
		{40B3093F-5B10-4F4D-BF83-8B5E14ADBE39}.Debug|Any CPU.Build.0 = Debug|Any CPU
		{40B3093F-5B10-4F4D-BF83-8B5E14ADBE39}.Debug|x64.ActiveCfg = Debug|Any CPU
		{40B3093F-5B10-4F4D-BF83-8B5E14ADBE39}.Debug|x64.Build.0 = Debug|Any CPU
		{40B3093F-5B10-4F4D-BF83-8B5E14ADBE39}.Debug|x86.ActiveCfg = Debug|Any CPU
		{40B3093F-5B10-4F4D-BF83-8B5E14ADBE39}.Debug|x86.Build.0 = Debug|Any CPU
		{40B3093F-5B10-4F4D-BF83-8B5E14ADBE39}.Release|Any CPU.ActiveCfg = Release|Any CPU
		{40B3093F-5B10-4F4D-BF83-8B5E14ADBE39}.Release|Any CPU.Build.0 = Release|Any CPU
		{40B3093F-5B10-4F4D-BF83-8B5E14ADBE39}.Release|x64.ActiveCfg = Release|Any CPU
		{40B3093F-5B10-4F4D-BF83-8B5E14ADBE39}.Release|x64.Build.0 = Release|Any CPU
		{40B3093F-5B10-4F4D-BF83-8B5E14ADBE39}.Release|x86.ActiveCfg = Release|Any CPU
		{40B3093F-5B10-4F4D-BF83-8B5E14ADBE39}.Release|x86.Build.0 = Release|Any CPU
		{0B476CC4-0A23-4439-A20F-DBBFEC5F3B96}.Debug|Any CPU.ActiveCfg = Debug|Any CPU
		{0B476CC4-0A23-4439-A20F-DBBFEC5F3B96}.Debug|Any CPU.Build.0 = Debug|Any CPU
		{0B476CC4-0A23-4439-A20F-DBBFEC5F3B96}.Debug|x64.ActiveCfg = Debug|Any CPU
		{0B476CC4-0A23-4439-A20F-DBBFEC5F3B96}.Debug|x64.Build.0 = Debug|Any CPU
		{0B476CC4-0A23-4439-A20F-DBBFEC5F3B96}.Debug|x86.ActiveCfg = Debug|Any CPU
		{0B476CC4-0A23-4439-A20F-DBBFEC5F3B96}.Debug|x86.Build.0 = Debug|Any CPU
		{0B476CC4-0A23-4439-A20F-DBBFEC5F3B96}.Release|Any CPU.ActiveCfg = Release|Any CPU
		{0B476CC4-0A23-4439-A20F-DBBFEC5F3B96}.Release|Any CPU.Build.0 = Release|Any CPU
		{0B476CC4-0A23-4439-A20F-DBBFEC5F3B96}.Release|x64.ActiveCfg = Release|Any CPU
		{0B476CC4-0A23-4439-A20F-DBBFEC5F3B96}.Release|x64.Build.0 = Release|Any CPU
		{0B476CC4-0A23-4439-A20F-DBBFEC5F3B96}.Release|x86.ActiveCfg = Release|Any CPU
		{0B476CC4-0A23-4439-A20F-DBBFEC5F3B96}.Release|x86.Build.0 = Release|Any CPU
		{163D5D62-2EC2-4E1E-B617-F74AC5E19D58}.Debug|Any CPU.ActiveCfg = Debug|Any CPU
		{163D5D62-2EC2-4E1E-B617-F74AC5E19D58}.Debug|Any CPU.Build.0 = Debug|Any CPU
		{163D5D62-2EC2-4E1E-B617-F74AC5E19D58}.Debug|x64.ActiveCfg = Debug|Any CPU
		{163D5D62-2EC2-4E1E-B617-F74AC5E19D58}.Debug|x64.Build.0 = Debug|Any CPU
		{163D5D62-2EC2-4E1E-B617-F74AC5E19D58}.Debug|x86.ActiveCfg = Debug|Any CPU
		{163D5D62-2EC2-4E1E-B617-F74AC5E19D58}.Debug|x86.Build.0 = Debug|Any CPU
		{163D5D62-2EC2-4E1E-B617-F74AC5E19D58}.Release|Any CPU.ActiveCfg = Release|Any CPU
		{163D5D62-2EC2-4E1E-B617-F74AC5E19D58}.Release|Any CPU.Build.0 = Release|Any CPU
		{163D5D62-2EC2-4E1E-B617-F74AC5E19D58}.Release|x64.ActiveCfg = Release|Any CPU
		{163D5D62-2EC2-4E1E-B617-F74AC5E19D58}.Release|x64.Build.0 = Release|Any CPU
		{163D5D62-2EC2-4E1E-B617-F74AC5E19D58}.Release|x86.ActiveCfg = Release|Any CPU
		{163D5D62-2EC2-4E1E-B617-F74AC5E19D58}.Release|x86.Build.0 = Release|Any CPU
		{2BED69B5-087E-4EA2-9C14-F326D80E1025}.Debug|Any CPU.ActiveCfg = Debug|Any CPU
		{2BED69B5-087E-4EA2-9C14-F326D80E1025}.Debug|Any CPU.Build.0 = Debug|Any CPU
		{2BED69B5-087E-4EA2-9C14-F326D80E1025}.Debug|x64.ActiveCfg = Debug|Any CPU
		{2BED69B5-087E-4EA2-9C14-F326D80E1025}.Debug|x64.Build.0 = Debug|Any CPU
		{2BED69B5-087E-4EA2-9C14-F326D80E1025}.Debug|x86.ActiveCfg = Debug|Any CPU
		{2BED69B5-087E-4EA2-9C14-F326D80E1025}.Debug|x86.Build.0 = Debug|Any CPU
		{2BED69B5-087E-4EA2-9C14-F326D80E1025}.Release|Any CPU.ActiveCfg = Release|Any CPU
		{2BED69B5-087E-4EA2-9C14-F326D80E1025}.Release|Any CPU.Build.0 = Release|Any CPU
		{2BED69B5-087E-4EA2-9C14-F326D80E1025}.Release|x64.ActiveCfg = Release|Any CPU
		{2BED69B5-087E-4EA2-9C14-F326D80E1025}.Release|x64.Build.0 = Release|Any CPU
		{2BED69B5-087E-4EA2-9C14-F326D80E1025}.Release|x86.ActiveCfg = Release|Any CPU
		{2BED69B5-087E-4EA2-9C14-F326D80E1025}.Release|x86.Build.0 = Release|Any CPU
		{92FCA5DD-55BB-4F74-90D0-5D7047BFA94B}.Debug|Any CPU.ActiveCfg = Debug|Any CPU
		{92FCA5DD-55BB-4F74-90D0-5D7047BFA94B}.Debug|Any CPU.Build.0 = Debug|Any CPU
		{92FCA5DD-55BB-4F74-90D0-5D7047BFA94B}.Debug|x64.ActiveCfg = Debug|Any CPU
		{92FCA5DD-55BB-4F74-90D0-5D7047BFA94B}.Debug|x64.Build.0 = Debug|Any CPU
		{92FCA5DD-55BB-4F74-90D0-5D7047BFA94B}.Debug|x86.ActiveCfg = Debug|Any CPU
		{92FCA5DD-55BB-4F74-90D0-5D7047BFA94B}.Debug|x86.Build.0 = Debug|Any CPU
		{92FCA5DD-55BB-4F74-90D0-5D7047BFA94B}.Release|Any CPU.ActiveCfg = Release|Any CPU
		{92FCA5DD-55BB-4F74-90D0-5D7047BFA94B}.Release|Any CPU.Build.0 = Release|Any CPU
		{92FCA5DD-55BB-4F74-90D0-5D7047BFA94B}.Release|x64.ActiveCfg = Release|Any CPU
		{92FCA5DD-55BB-4F74-90D0-5D7047BFA94B}.Release|x64.Build.0 = Release|Any CPU
		{92FCA5DD-55BB-4F74-90D0-5D7047BFA94B}.Release|x86.ActiveCfg = Release|Any CPU
		{92FCA5DD-55BB-4F74-90D0-5D7047BFA94B}.Release|x86.Build.0 = Release|Any CPU
		{D29622CC-774D-4D4F-9451-80B0A44560F1}.Debug|Any CPU.ActiveCfg = Debug|Any CPU
		{D29622CC-774D-4D4F-9451-80B0A44560F1}.Debug|Any CPU.Build.0 = Debug|Any CPU
		{D29622CC-774D-4D4F-9451-80B0A44560F1}.Debug|x64.ActiveCfg = Debug|Any CPU
		{D29622CC-774D-4D4F-9451-80B0A44560F1}.Debug|x64.Build.0 = Debug|Any CPU
		{D29622CC-774D-4D4F-9451-80B0A44560F1}.Debug|x86.ActiveCfg = Debug|Any CPU
		{D29622CC-774D-4D4F-9451-80B0A44560F1}.Debug|x86.Build.0 = Debug|Any CPU
		{D29622CC-774D-4D4F-9451-80B0A44560F1}.Release|Any CPU.ActiveCfg = Release|Any CPU
		{D29622CC-774D-4D4F-9451-80B0A44560F1}.Release|Any CPU.Build.0 = Release|Any CPU
		{D29622CC-774D-4D4F-9451-80B0A44560F1}.Release|x64.ActiveCfg = Release|Any CPU
		{D29622CC-774D-4D4F-9451-80B0A44560F1}.Release|x64.Build.0 = Release|Any CPU
		{D29622CC-774D-4D4F-9451-80B0A44560F1}.Release|x86.ActiveCfg = Release|Any CPU
		{D29622CC-774D-4D4F-9451-80B0A44560F1}.Release|x86.Build.0 = Release|Any CPU
		{32713BAE-7828-4CC9-A53E-A0B946BA580A}.Debug|Any CPU.ActiveCfg = Debug|Any CPU
		{32713BAE-7828-4CC9-A53E-A0B946BA580A}.Debug|Any CPU.Build.0 = Debug|Any CPU
		{32713BAE-7828-4CC9-A53E-A0B946BA580A}.Debug|x64.ActiveCfg = Debug|Any CPU
		{32713BAE-7828-4CC9-A53E-A0B946BA580A}.Debug|x64.Build.0 = Debug|Any CPU
		{32713BAE-7828-4CC9-A53E-A0B946BA580A}.Debug|x86.ActiveCfg = Debug|Any CPU
		{32713BAE-7828-4CC9-A53E-A0B946BA580A}.Debug|x86.Build.0 = Debug|Any CPU
		{32713BAE-7828-4CC9-A53E-A0B946BA580A}.Release|Any CPU.ActiveCfg = Release|Any CPU
		{32713BAE-7828-4CC9-A53E-A0B946BA580A}.Release|Any CPU.Build.0 = Release|Any CPU
		{32713BAE-7828-4CC9-A53E-A0B946BA580A}.Release|x64.ActiveCfg = Release|Any CPU
		{32713BAE-7828-4CC9-A53E-A0B946BA580A}.Release|x64.Build.0 = Release|Any CPU
		{32713BAE-7828-4CC9-A53E-A0B946BA580A}.Release|x86.ActiveCfg = Release|Any CPU
		{32713BAE-7828-4CC9-A53E-A0B946BA580A}.Release|x86.Build.0 = Release|Any CPU
		{BCF0FF0F-B207-49A2-B13A-086CAE01E1F8}.Debug|Any CPU.ActiveCfg = Debug|Any CPU
		{BCF0FF0F-B207-49A2-B13A-086CAE01E1F8}.Debug|Any CPU.Build.0 = Debug|Any CPU
		{BCF0FF0F-B207-49A2-B13A-086CAE01E1F8}.Debug|x64.ActiveCfg = Debug|Any CPU
		{BCF0FF0F-B207-49A2-B13A-086CAE01E1F8}.Debug|x64.Build.0 = Debug|Any CPU
		{BCF0FF0F-B207-49A2-B13A-086CAE01E1F8}.Debug|x86.ActiveCfg = Debug|Any CPU
		{BCF0FF0F-B207-49A2-B13A-086CAE01E1F8}.Debug|x86.Build.0 = Debug|Any CPU
		{BCF0FF0F-B207-49A2-B13A-086CAE01E1F8}.Release|Any CPU.ActiveCfg = Release|Any CPU
		{BCF0FF0F-B207-49A2-B13A-086CAE01E1F8}.Release|Any CPU.Build.0 = Release|Any CPU
		{BCF0FF0F-B207-49A2-B13A-086CAE01E1F8}.Release|x64.ActiveCfg = Release|Any CPU
		{BCF0FF0F-B207-49A2-B13A-086CAE01E1F8}.Release|x64.Build.0 = Release|Any CPU
		{BCF0FF0F-B207-49A2-B13A-086CAE01E1F8}.Release|x86.ActiveCfg = Release|Any CPU
		{BCF0FF0F-B207-49A2-B13A-086CAE01E1F8}.Release|x86.Build.0 = Release|Any CPU
		{3274301A-7A70-411E-B186-8A1721692F0C}.Debug|Any CPU.ActiveCfg = Debug|Any CPU
		{3274301A-7A70-411E-B186-8A1721692F0C}.Debug|Any CPU.Build.0 = Debug|Any CPU
		{3274301A-7A70-411E-B186-8A1721692F0C}.Debug|x64.ActiveCfg = Debug|Any CPU
		{3274301A-7A70-411E-B186-8A1721692F0C}.Debug|x64.Build.0 = Debug|Any CPU
		{3274301A-7A70-411E-B186-8A1721692F0C}.Debug|x86.ActiveCfg = Debug|Any CPU
		{3274301A-7A70-411E-B186-8A1721692F0C}.Debug|x86.Build.0 = Debug|Any CPU
		{3274301A-7A70-411E-B186-8A1721692F0C}.Release|Any CPU.ActiveCfg = Release|Any CPU
		{3274301A-7A70-411E-B186-8A1721692F0C}.Release|Any CPU.Build.0 = Release|Any CPU
		{3274301A-7A70-411E-B186-8A1721692F0C}.Release|x64.ActiveCfg = Release|Any CPU
		{3274301A-7A70-411E-B186-8A1721692F0C}.Release|x64.Build.0 = Release|Any CPU
		{3274301A-7A70-411E-B186-8A1721692F0C}.Release|x86.ActiveCfg = Release|Any CPU
		{3274301A-7A70-411E-B186-8A1721692F0C}.Release|x86.Build.0 = Release|Any CPU
		{A81D46FE-1F94-42E8-B47F-E09B84534238}.Debug|Any CPU.ActiveCfg = Debug|Any CPU
		{A81D46FE-1F94-42E8-B47F-E09B84534238}.Debug|Any CPU.Build.0 = Debug|Any CPU
		{A81D46FE-1F94-42E8-B47F-E09B84534238}.Debug|x64.ActiveCfg = Debug|Any CPU
		{A81D46FE-1F94-42E8-B47F-E09B84534238}.Debug|x64.Build.0 = Debug|Any CPU
		{A81D46FE-1F94-42E8-B47F-E09B84534238}.Debug|x86.ActiveCfg = Debug|Any CPU
		{A81D46FE-1F94-42E8-B47F-E09B84534238}.Debug|x86.Build.0 = Debug|Any CPU
		{A81D46FE-1F94-42E8-B47F-E09B84534238}.Release|Any CPU.ActiveCfg = Release|Any CPU
		{A81D46FE-1F94-42E8-B47F-E09B84534238}.Release|Any CPU.Build.0 = Release|Any CPU
		{A81D46FE-1F94-42E8-B47F-E09B84534238}.Release|x64.ActiveCfg = Release|Any CPU
		{A81D46FE-1F94-42E8-B47F-E09B84534238}.Release|x64.Build.0 = Release|Any CPU
		{A81D46FE-1F94-42E8-B47F-E09B84534238}.Release|x86.ActiveCfg = Release|Any CPU
		{A81D46FE-1F94-42E8-B47F-E09B84534238}.Release|x86.Build.0 = Release|Any CPU
		{EEEAF7C7-6B04-4504-8D24-1E53C41FAFCD}.Debug|Any CPU.ActiveCfg = Debug|Any CPU
		{EEEAF7C7-6B04-4504-8D24-1E53C41FAFCD}.Debug|Any CPU.Build.0 = Debug|Any CPU
		{EEEAF7C7-6B04-4504-8D24-1E53C41FAFCD}.Debug|x64.ActiveCfg = Debug|Any CPU
		{EEEAF7C7-6B04-4504-8D24-1E53C41FAFCD}.Debug|x64.Build.0 = Debug|Any CPU
		{EEEAF7C7-6B04-4504-8D24-1E53C41FAFCD}.Debug|x86.ActiveCfg = Debug|Any CPU
		{EEEAF7C7-6B04-4504-8D24-1E53C41FAFCD}.Debug|x86.Build.0 = Debug|Any CPU
		{EEEAF7C7-6B04-4504-8D24-1E53C41FAFCD}.Release|Any CPU.ActiveCfg = Release|Any CPU
		{EEEAF7C7-6B04-4504-8D24-1E53C41FAFCD}.Release|Any CPU.Build.0 = Release|Any CPU
		{EEEAF7C7-6B04-4504-8D24-1E53C41FAFCD}.Release|x64.ActiveCfg = Release|Any CPU
		{EEEAF7C7-6B04-4504-8D24-1E53C41FAFCD}.Release|x64.Build.0 = Release|Any CPU
		{EEEAF7C7-6B04-4504-8D24-1E53C41FAFCD}.Release|x86.ActiveCfg = Release|Any CPU
		{EEEAF7C7-6B04-4504-8D24-1E53C41FAFCD}.Release|x86.Build.0 = Release|Any CPU
		{1ABE8AD6-C2E4-43CA-8ED3-D580BB55C16B}.Debug|Any CPU.ActiveCfg = Debug|Any CPU
		{1ABE8AD6-C2E4-43CA-8ED3-D580BB55C16B}.Debug|Any CPU.Build.0 = Debug|Any CPU
		{1ABE8AD6-C2E4-43CA-8ED3-D580BB55C16B}.Debug|x64.ActiveCfg = Debug|Any CPU
		{1ABE8AD6-C2E4-43CA-8ED3-D580BB55C16B}.Debug|x64.Build.0 = Debug|Any CPU
		{1ABE8AD6-C2E4-43CA-8ED3-D580BB55C16B}.Debug|x86.ActiveCfg = Debug|Any CPU
		{1ABE8AD6-C2E4-43CA-8ED3-D580BB55C16B}.Debug|x86.Build.0 = Debug|Any CPU
		{1ABE8AD6-C2E4-43CA-8ED3-D580BB55C16B}.Release|Any CPU.ActiveCfg = Release|Any CPU
		{1ABE8AD6-C2E4-43CA-8ED3-D580BB55C16B}.Release|Any CPU.Build.0 = Release|Any CPU
		{1ABE8AD6-C2E4-43CA-8ED3-D580BB55C16B}.Release|x64.ActiveCfg = Release|Any CPU
		{1ABE8AD6-C2E4-43CA-8ED3-D580BB55C16B}.Release|x64.Build.0 = Release|Any CPU
		{1ABE8AD6-C2E4-43CA-8ED3-D580BB55C16B}.Release|x86.ActiveCfg = Release|Any CPU
		{1ABE8AD6-C2E4-43CA-8ED3-D580BB55C16B}.Release|x86.Build.0 = Release|Any CPU
		{00EAB299-C85E-446B-B23D-8FF9074D2C8A}.Debug|Any CPU.ActiveCfg = Debug|Any CPU
		{00EAB299-C85E-446B-B23D-8FF9074D2C8A}.Debug|Any CPU.Build.0 = Debug|Any CPU
		{00EAB299-C85E-446B-B23D-8FF9074D2C8A}.Debug|x64.ActiveCfg = Debug|Any CPU
		{00EAB299-C85E-446B-B23D-8FF9074D2C8A}.Debug|x64.Build.0 = Debug|Any CPU
		{00EAB299-C85E-446B-B23D-8FF9074D2C8A}.Debug|x86.ActiveCfg = Debug|Any CPU
		{00EAB299-C85E-446B-B23D-8FF9074D2C8A}.Debug|x86.Build.0 = Debug|Any CPU
		{00EAB299-C85E-446B-B23D-8FF9074D2C8A}.Release|Any CPU.ActiveCfg = Release|Any CPU
		{00EAB299-C85E-446B-B23D-8FF9074D2C8A}.Release|Any CPU.Build.0 = Release|Any CPU
		{00EAB299-C85E-446B-B23D-8FF9074D2C8A}.Release|x64.ActiveCfg = Release|Any CPU
		{00EAB299-C85E-446B-B23D-8FF9074D2C8A}.Release|x64.Build.0 = Release|Any CPU
		{00EAB299-C85E-446B-B23D-8FF9074D2C8A}.Release|x86.ActiveCfg = Release|Any CPU
		{00EAB299-C85E-446B-B23D-8FF9074D2C8A}.Release|x86.Build.0 = Release|Any CPU
		{A2A9DD42-39CB-4038-AC53-78689F57CE6A}.Debug|Any CPU.ActiveCfg = Debug|Any CPU
		{A2A9DD42-39CB-4038-AC53-78689F57CE6A}.Debug|Any CPU.Build.0 = Debug|Any CPU
		{A2A9DD42-39CB-4038-AC53-78689F57CE6A}.Debug|x64.ActiveCfg = Debug|Any CPU
		{A2A9DD42-39CB-4038-AC53-78689F57CE6A}.Debug|x64.Build.0 = Debug|Any CPU
		{A2A9DD42-39CB-4038-AC53-78689F57CE6A}.Debug|x86.ActiveCfg = Debug|Any CPU
		{A2A9DD42-39CB-4038-AC53-78689F57CE6A}.Debug|x86.Build.0 = Debug|Any CPU
		{A2A9DD42-39CB-4038-AC53-78689F57CE6A}.Release|Any CPU.ActiveCfg = Release|Any CPU
		{A2A9DD42-39CB-4038-AC53-78689F57CE6A}.Release|Any CPU.Build.0 = Release|Any CPU
		{A2A9DD42-39CB-4038-AC53-78689F57CE6A}.Release|x64.ActiveCfg = Release|Any CPU
		{A2A9DD42-39CB-4038-AC53-78689F57CE6A}.Release|x64.Build.0 = Release|Any CPU
		{A2A9DD42-39CB-4038-AC53-78689F57CE6A}.Release|x86.ActiveCfg = Release|Any CPU
		{A2A9DD42-39CB-4038-AC53-78689F57CE6A}.Release|x86.Build.0 = Release|Any CPU
		{92C822C5-4B96-472D-9ED0-8EE3485525FB}.Debug|Any CPU.ActiveCfg = Debug|Any CPU
		{92C822C5-4B96-472D-9ED0-8EE3485525FB}.Debug|Any CPU.Build.0 = Debug|Any CPU
		{92C822C5-4B96-472D-9ED0-8EE3485525FB}.Debug|x64.ActiveCfg = Debug|Any CPU
		{92C822C5-4B96-472D-9ED0-8EE3485525FB}.Debug|x64.Build.0 = Debug|Any CPU
		{92C822C5-4B96-472D-9ED0-8EE3485525FB}.Debug|x86.ActiveCfg = Debug|Any CPU
		{92C822C5-4B96-472D-9ED0-8EE3485525FB}.Debug|x86.Build.0 = Debug|Any CPU
		{92C822C5-4B96-472D-9ED0-8EE3485525FB}.Release|Any CPU.ActiveCfg = Release|Any CPU
		{92C822C5-4B96-472D-9ED0-8EE3485525FB}.Release|Any CPU.Build.0 = Release|Any CPU
		{92C822C5-4B96-472D-9ED0-8EE3485525FB}.Release|x64.ActiveCfg = Release|Any CPU
		{92C822C5-4B96-472D-9ED0-8EE3485525FB}.Release|x64.Build.0 = Release|Any CPU
		{92C822C5-4B96-472D-9ED0-8EE3485525FB}.Release|x86.ActiveCfg = Release|Any CPU
		{92C822C5-4B96-472D-9ED0-8EE3485525FB}.Release|x86.Build.0 = Release|Any CPU
		{C2E61C43-C149-4B39-8EAD-EADFCE96E81D}.Debug|Any CPU.ActiveCfg = Debug|Any CPU
		{C2E61C43-C149-4B39-8EAD-EADFCE96E81D}.Debug|Any CPU.Build.0 = Debug|Any CPU
		{C2E61C43-C149-4B39-8EAD-EADFCE96E81D}.Debug|x64.ActiveCfg = Debug|Any CPU
		{C2E61C43-C149-4B39-8EAD-EADFCE96E81D}.Debug|x64.Build.0 = Debug|Any CPU
		{C2E61C43-C149-4B39-8EAD-EADFCE96E81D}.Debug|x86.ActiveCfg = Debug|Any CPU
		{C2E61C43-C149-4B39-8EAD-EADFCE96E81D}.Debug|x86.Build.0 = Debug|Any CPU
		{C2E61C43-C149-4B39-8EAD-EADFCE96E81D}.Release|Any CPU.ActiveCfg = Release|Any CPU
		{C2E61C43-C149-4B39-8EAD-EADFCE96E81D}.Release|Any CPU.Build.0 = Release|Any CPU
		{C2E61C43-C149-4B39-8EAD-EADFCE96E81D}.Release|x64.ActiveCfg = Release|Any CPU
		{C2E61C43-C149-4B39-8EAD-EADFCE96E81D}.Release|x64.Build.0 = Release|Any CPU
		{C2E61C43-C149-4B39-8EAD-EADFCE96E81D}.Release|x86.ActiveCfg = Release|Any CPU
		{C2E61C43-C149-4B39-8EAD-EADFCE96E81D}.Release|x86.Build.0 = Release|Any CPU
	EndGlobalSection
	GlobalSection(SolutionProperties) = preSolution
		HideSolutionNode = FALSE
	EndGlobalSection
	GlobalSection(NestedProjects) = preSolution
		{ECEA200A-C7B2-401E-838F-6236629E83E7} = {FBFC9E17-B858-4F85-A5EF-C2AE3C56544E}
		{12BACFAF-2E06-436A-9656-DEB6AD1845A0} = {FBFC9E17-B858-4F85-A5EF-C2AE3C56544E}
		{D1C980B7-8EB0-4535-B9F9-50B8CB43EE90} = {FBFC9E17-B858-4F85-A5EF-C2AE3C56544E}
		{E030C5F3-B812-4F95-8866-8B72C7201896} = {FBFC9E17-B858-4F85-A5EF-C2AE3C56544E}
		{40B3093F-5B10-4F4D-BF83-8B5E14ADBE39} = {FBFC9E17-B858-4F85-A5EF-C2AE3C56544E}
		{0B476CC4-0A23-4439-A20F-DBBFEC5F3B96} = {FBFC9E17-B858-4F85-A5EF-C2AE3C56544E}
		{163D5D62-2EC2-4E1E-B617-F74AC5E19D58} = {FBFC9E17-B858-4F85-A5EF-C2AE3C56544E}
		{2BED69B5-087E-4EA2-9C14-F326D80E1025} = {FBFC9E17-B858-4F85-A5EF-C2AE3C56544E}
		{92FCA5DD-55BB-4F74-90D0-5D7047BFA94B} = {FBFC9E17-B858-4F85-A5EF-C2AE3C56544E}
		{D29622CC-774D-4D4F-9451-80B0A44560F1} = {FBFC9E17-B858-4F85-A5EF-C2AE3C56544E}
		{32713BAE-7828-4CC9-A53E-A0B946BA580A} = {FBFC9E17-B858-4F85-A5EF-C2AE3C56544E}
		{BCF0FF0F-B207-49A2-B13A-086CAE01E1F8} = {FBFC9E17-B858-4F85-A5EF-C2AE3C56544E}
		{3274301A-7A70-411E-B186-8A1721692F0C} = {FBFC9E17-B858-4F85-A5EF-C2AE3C56544E}
		{A81D46FE-1F94-42E8-B47F-E09B84534238} = {FBFC9E17-B858-4F85-A5EF-C2AE3C56544E}
		{EEEAF7C7-6B04-4504-8D24-1E53C41FAFCD} = {FBFC9E17-B858-4F85-A5EF-C2AE3C56544E}
		{1ABE8AD6-C2E4-43CA-8ED3-D580BB55C16B} = {FBFC9E17-B858-4F85-A5EF-C2AE3C56544E}
		{6A7D1627-62AA-4B6A-9C2F-4DF21A1D2649} = {FBFC9E17-B858-4F85-A5EF-C2AE3C56544E}
		{00EAB299-C85E-446B-B23D-8FF9074D2C8A} = {6A7D1627-62AA-4B6A-9C2F-4DF21A1D2649}
		{A2A9DD42-39CB-4038-AC53-78689F57CE6A} = {FBFC9E17-B858-4F85-A5EF-C2AE3C56544E}
		{92C822C5-4B96-472D-9ED0-8EE3485525FB} = {FBFC9E17-B858-4F85-A5EF-C2AE3C56544E}
		{C2E61C43-C149-4B39-8EAD-EADFCE96E81D} = {FBFC9E17-B858-4F85-A5EF-C2AE3C56544E}
	EndGlobalSection
EndGlobal
