
Microsoft Visual Studio Solution File, Format Version 12.00
# Visual Studio Version 17
VisualStudioVersion = 17.0.31903.59
MinimumVisualStudioVersion = 10.0.40219.1
Project("{2150E333-8FDC-42A3-9474-1A3956D46DE8}") = "src", "src", "{FBFC9E17-B858-4F85-A5EF-C2AE3C56544E}"
EndProject
Project("{FAE04EC0-301F-11D3-BF4B-00C04F79EFBC}") = "Singleton", "src\Singleton\Singleton.csproj", "{ECEA200A-C7B2-401E-838F-6236629E83E7}"
EndProject
Project("{FAE04EC0-301F-11D3-BF4B-00C04F79EFBC}") = "Factory", "src\Factory\Factory.csproj", "{12BACFAF-2E06-436A-9656-DEB6AD1845A0}"
EndProject
Project("{FAE04EC0-301F-11D3-BF4B-00C04F79EFBC}") = "AbstractFactory", "src\AbstractFactory\AbstractFactory.csproj", "{D1C980B7-8EB0-4535-B9F9-50B8CB43EE90}"
EndProject
Global
	GlobalSection(SolutionConfigurationPlatforms) = preSolution
		Debug|Any CPU = Debug|Any CPU
		Release|Any CPU = Release|Any CPU
	EndGlobalSection
	GlobalSection(SolutionProperties) = preSolution
		HideSolutionNode = FALSE
	EndGlobalSection
	GlobalSection(ProjectConfigurationPlatforms) = postSolution
		{ECEA200A-C7B2-401E-838F-6236629E83E7}.Debug|Any CPU.ActiveCfg = Debug|Any CPU
		{ECEA200A-C7B2-401E-838F-6236629E83E7}.Debug|Any CPU.Build.0 = Debug|Any CPU
		{ECEA200A-C7B2-401E-838F-6236629E83E7}.Release|Any CPU.ActiveCfg = Release|Any CPU
		{ECEA200A-C7B2-401E-838F-6236629E83E7}.Release|Any CPU.Build.0 = Release|Any CPU
		{12BACFAF-2E06-436A-9656-DEB6AD1845A0}.Debug|Any CPU.ActiveCfg = Debug|Any CPU
		{12BACFAF-2E06-436A-9656-DEB6AD1845A0}.Debug|Any CPU.Build.0 = Debug|Any CPU
		{12BACFAF-2E06-436A-9656-DEB6AD1845A0}.Release|Any CPU.ActiveCfg = Release|Any CPU
		{12BACFAF-2E06-436A-9656-DEB6AD1845A0}.Release|Any CPU.Build.0 = Release|Any CPU
		{D1C980B7-8EB0-4535-B9F9-50B8CB43EE90}.Debug|Any CPU.ActiveCfg = Debug|Any CPU
		{D1C980B7-8EB0-4535-B9F9-50B8CB43EE90}.Debug|Any CPU.Build.0 = Debug|Any CPU
		{D1C980B7-8EB0-4535-B9F9-50B8CB43EE90}.Release|Any CPU.ActiveCfg = Release|Any CPU
		{D1C980B7-8EB0-4535-B9F9-50B8CB43EE90}.Release|Any CPU.Build.0 = Release|Any CPU
	EndGlobalSection
	GlobalSection(NestedProjects) = preSolution
		{ECEA200A-C7B2-401E-838F-6236629E83E7} = {FBFC9E17-B858-4F85-A5EF-C2AE3C56544E}
		{12BACFAF-2E06-436A-9656-DEB6AD1845A0} = {FBFC9E17-B858-4F85-A5EF-C2AE3C56544E}
		{D1C980B7-8EB0-4535-B9F9-50B8CB43EE90} = {FBFC9E17-B858-4F85-A5EF-C2AE3C56544E}
	EndGlobalSection
EndGlobal
